
Microsoft Visual Studio Solution File, Format Version 12.00
# Visual Studio Version 17
VisualStudioVersion = 17.11.35327.3
MinimumVisualStudioVersion = 10.0.40219.1
Project("{FAE04EC0-301F-11D3-BF4B-00C04F79EFBC}") = "FLORENCE_Server_Assembly", "FLORENCE_Server_Assembly.csproj", "{42B16B21-0CFC-4859-B5DA-16A296E768A9}"
EndProject
Global
	GlobalSection(SolutionConfigurationPlatforms) = preSolution
		Debug|Any CPU = Debug|Any CPU
		Release|Any CPU = Release|Any CPU
	EndGlobalSection
	GlobalSection(ProjectConfigurationPlatforms) = postSolution
		{42B16B21-0CFC-4859-B5DA-16A296E768A9}.Debug|Any CPU.ActiveCfg = Debug|Any CPU
		{42B16B21-0CFC-4859-B5DA-16A296E768A9}.Debug|Any CPU.Build.0 = Debug|Any CPU
		{42B16B21-0CFC-4859-B5DA-16A296E768A9}.Release|Any CPU.ActiveCfg = Release|Any CPU
		{42B16B21-0CFC-4859-B5DA-16A296E768A9}.Release|Any CPU.Build.0 = Release|Any CPU
	EndGlobalSection
	GlobalSection(SolutionProperties) = preSolution
		HideSolutionNode = FALSE
	EndGlobalSection
	GlobalSection(ExtensibilityGlobals) = postSolution
		SolutionGuid = {C0EDBBD1-FEE9-4970-8399-31F4D86E81BF}
	EndGlobalSection
EndGlobal
